PODS:
  - ASImagePicker (0.1.0)
  - Nimble (5.1.1)
  - Quick (1.0.0)

DEPENDENCIES:
  - ASImagePicker (from `../`)
  - Nimble (~> 5.1.1)
  - Quick (~> 1.0.0)

EXTERNAL SOURCES:
  ASImagePicker:
    :path: "../"

SPEC CHECKSUMS:
  ASImagePicker: 723276cc2d8a1b576f159b8f3a3f21b355778e9a
  Nimble: 415e3aa3267e7bc2c96b05fa814ddea7bb686a29
  Quick: 8024e4a47e6cc03a9d5245ef0948264fc6d27cff

PODFILE CHECKSUM: 7c94d19dc2d4f93d342ff623c7234e6048282024

COCOAPODS: 1.2.1
